{
  "name": "RememberTokenCopier",
  "lockfileVersion": 2,
  "requires": true,
  "packages": {
    "": {
      "devDependencies": {
        "laravel-nova-devtool": "file:vendor/laravel/nova-devtool"
      }
    },
    "node_modules/laravel-nova-devtool": {
      "resolved": "vendor/laravel/nova-devtool",
      "link": true
    },
    "vendor/laravel/nova-devtool": {
      "dev": true
    }
  },
  "dependencies": {
    "laravel-nova-devtool": {
      "version": "file:vendor/laravel/nova-devtool"
    }
  }
}
